
Microsoft Visual Studio Solution File, Format Version 12.00
# Visual Studio 15
VisualStudioVersion = 15.0.27004.2010
MinimumVisualStudioVersion = 10.0.40219.1
Project("{9A19103F-16F7-4668-BE54-9A1E7A4F7556}") = "AnomalyDetection.Interfaces", "AnomalyDetection.Interfaces\AnomalyDetection.Interfaces.csproj", "{13A14A87-1DEE-4FCC-8532-62B648B70C13}"
EndProject
Project("{9A19103F-16F7-4668-BE54-9A1E7A4F7556}") = "AnomalyDetectionApi", "AnomalyDetectionApi\AnomalyDetectionApi.csproj", "{AA9621BD-AA5C-4D2D-9E4F-6852A6E1011E}"
EndProject
Project("{9A19103F-16F7-4668-BE54-9A1E7A4F7556}") = "Test", "Test\Test.csproj", "{775AD519-F7FD-46BB-8D75-F3BD017421A4}"
EndProject
Project("{9A19103F-16F7-4668-BE54-9A1E7A4F7556}") = "AnomalyDetectionRestApi", "src\AnomalyDetectionRestApi\AnomalyDetectionRestApi.csproj", "{2A182FFB-0CEC-45D9-B556-0117948205E3}"
EndProject
Project("{FAE04EC0-301F-11D3-BF4B-00C04F79EFBC}") = "WebApplication", "WebApplication\WebApplication.csproj", "{7E3D7A53-2378-4A1F-8A9B-CB2AE55631E5}"
EndProject
Global
	GlobalSection(SolutionConfigurationPlatforms) = preSolution
		Debug|Any CPU = Debug|Any CPU
		Release|Any CPU = Release|Any CPU
	EndGlobalSection
	GlobalSection(ProjectConfigurationPlatforms) = postSolution
		{13A14A87-1DEE-4FCC-8532-62B648B70C13}.Debug|Any CPU.ActiveCfg = Debug|Any CPU
		{13A14A87-1DEE-4FCC-8532-62B648B70C13}.Debug|Any CPU.Build.0 = Debug|Any CPU
		{13A14A87-1DEE-4FCC-8532-62B648B70C13}.Release|Any CPU.ActiveCfg = Release|Any CPU
		{13A14A87-1DEE-4FCC-8532-62B648B70C13}.Release|Any CPU.Build.0 = Release|Any CPU
		{AA9621BD-AA5C-4D2D-9E4F-6852A6E1011E}.Debug|Any CPU.ActiveCfg = Debug|Any CPU
		{AA9621BD-AA5C-4D2D-9E4F-6852A6E1011E}.Debug|Any CPU.Build.0 = Debug|Any CPU
		{AA9621BD-AA5C-4D2D-9E4F-6852A6E1011E}.Release|Any CPU.ActiveCfg = Release|Any CPU
		{AA9621BD-AA5C-4D2D-9E4F-6852A6E1011E}.Release|Any CPU.Build.0 = Release|Any CPU
		{775AD519-F7FD-46BB-8D75-F3BD017421A4}.Debug|Any CPU.ActiveCfg = Debug|Any CPU
		{775AD519-F7FD-46BB-8D75-F3BD017421A4}.Debug|Any CPU.Build.0 = Debug|Any CPU
		{775AD519-F7FD-46BB-8D75-F3BD017421A4}.Release|Any CPU.ActiveCfg = Release|Any CPU
		{775AD519-F7FD-46BB-8D75-F3BD017421A4}.Release|Any CPU.Build.0 = Release|Any CPU
		{2A182FFB-0CEC-45D9-B556-0117948205E3}.Debug|Any CPU.ActiveCfg = Debug|Any CPU
		{2A182FFB-0CEC-45D9-B556-0117948205E3}.Debug|Any CPU.Build.0 = Debug|Any CPU
		{2A182FFB-0CEC-45D9-B556-0117948205E3}.Release|Any CPU.ActiveCfg = Release|Any CPU
		{2A182FFB-0CEC-45D9-B556-0117948205E3}.Release|Any CPU.Build.0 = Release|Any CPU
		{7E3D7A53-2378-4A1F-8A9B-CB2AE55631E5}.Debug|Any CPU.ActiveCfg = Debug|Any CPU
		{7E3D7A53-2378-4A1F-8A9B-CB2AE55631E5}.Debug|Any CPU.Build.0 = Debug|Any CPU
		{7E3D7A53-2378-4A1F-8A9B-CB2AE55631E5}.Release|Any CPU.ActiveCfg = Release|Any CPU
		{7E3D7A53-2378-4A1F-8A9B-CB2AE55631E5}.Release|Any CPU.Build.0 = Release|Any CPU
	EndGlobalSection
	GlobalSection(SolutionProperties) = preSolution
		HideSolutionNode = FALSE
	EndGlobalSection
	GlobalSection(ExtensibilityGlobals) = postSolution
		SolutionGuid = {214CB79A-4F56-44E8-B8F9-9DE0BCC793B3}
	EndGlobalSection
EndGlobal
